// !$*UTF8*$!
{
	archiveVersion = 1;
	classes = {
	};
	objectVersion = 55;
	objects = {

/* Begin PBXBuildFile section */
		A86B4ABF277DFA850046C6B0 /* AppDelegate.swift in Sources */ = {isa = PBXBuildFile; fileRef = A86B4ABE277DFA850046C6B0 /* AppDelegate.swift */; };
		A86B4AC1277DFA850046C6B0 /* SceneDelegate.swift in Sources */ = {isa = PBXBuildFile; fileRef = A86B4AC0277DFA850046C6B0 /* SceneDelegate.swift */; };
		A86B4AC3277DFA850046C6B0 /* ViewController.swift in Sources */ = {isa = PBXBuildFile; fileRef = A86B4AC2277DFA850046C6B0 /* ViewController.swift */; };
		A86B4AC6277DFA850046C6B0 /* Main.storyboard in Resources */ = {isa = PBXBuildFile; fileRef = A86B4AC4277DFA850046C6B0 /* Main.storyboard */; };
		A86B4AC8277DFA8A0046C6B0 /* Assets.xcassets in Resources */ = {isa = PBXBuildFile; fileRef = A86B4AC7277DFA8A0046C6B0 /* Assets.xcassets */; };
		A86B4ACB277DFA8A0046C6B0 /* LaunchScreen.storyboard in Resources */ = {isa = PBXBuildFile; fileRef = A86B4AC9277DFA8A0046C6B0 /* LaunchScreen.storyboard */; };
		A86B4AD6277DFA8B0046C6B0 /* smartToolsTests.swift in Sources */ = {isa = PBXBuildFile; fileRef = A86B4AD5277DFA8B0046C6B0 /* smartToolsTests.swift */; };
		A86B4AE0277DFA8B0046C6B0 /* smartToolsUITests.swift in Sources */ = {isa = PBXBuildFile; fileRef = A86B4ADF277DFA8B0046C6B0 /* smartToolsUITests.swift */; };
		A86B4AE2277DFA8B0046C6B0 /* smartToolsUITestsLaunchTests.swift in Sources */ = {isa = PBXBuildFile; fileRef = A86B4AE1277DFA8B0046C6B0 /* smartToolsUITestsLaunchTests.swift */; };
		A86B4AF3277E36810046C6B0 /* OnboardingViewController.swift in Sources */ = {isa = PBXBuildFile; fileRef = A86B4AF2277E36810046C6B0 /* OnboardingViewController.swift */; };
		A86B4AF6277E38FF0046C6B0 /* UIView+Extension.swift in Sources */ = {isa = PBXBuildFile; fileRef = A86B4AF5277E38FF0046C6B0 /* UIView+Extension.swift */; };
		A86B4AF8277E3A950046C6B0 /* OnboardingSlide.swift in Sources */ = {isa = PBXBuildFile; fileRef = A86B4AF7277E3A950046C6B0 /* OnboardingSlide.swift */; };
		A86B4AFA277E3D960046C6B0 /* OnboardingCollectionViewCell.swift in Sources */ = {isa = PBXBuildFile; fileRef = A86B4AF9277E3D960046C6B0 /* OnboardingCollectionViewCell.swift */; };
/* End PBXBuildFile section */

/* Begin PBXContainerItemProxy section */
		A86B4AD2277DFA8B0046C6B0 /* PBXContainerItemProxy */ = {
			isa = PBXContainerItemProxy;
			containerPortal = A86B4AB3277DFA850046C6B0 /* Project object */;
			proxyType = 1;
			remoteGlobalIDString = A86B4ABA277DFA850046C6B0;
			remoteInfo = smartTools;
		};
		A86B4ADC277DFA8B0046C6B0 /* PBXContainerItemProxy */ = {
			isa = PBXContainerItemProxy;
			containerPortal = A86B4AB3277DFA850046C6B0 /* Project object */;
			proxyType = 1;
			remoteGlobalIDString = A86B4ABA277DFA850046C6B0;
			remoteInfo = smartTools;
		};
/* End PBXContainerItemProxy section */

/* Begin PBXFileReference section */
		A86B4ABB277DFA850046C6B0 /* smartTools.app */ = {isa = PBXFileReference; explicitFileType = wrapper.application; includeInIndex = 0; path = smartTools.app; sourceTree = BUILT_PRODUCTS_DIR; };
		A86B4ABE277DFA850046C6B0 /* AppDelegate.swift */ = {isa = PBXFileReference; lastKnownFileType = sourcecode.swift; path = AppDelegate.swift; sourceTree = "<group>"; };
		A86B4AC0277DFA850046C6B0 /* SceneDelegate.swift */ = {isa = PBXFileReference; lastKnownFileType = sourcecode.swift; path = SceneDelegate.swift; sourceTree = "<group>"; };
		A86B4AC2277DFA850046C6B0 /* ViewController.swift */ = {isa = PBXFileReference; lastKnownFileType = sourcecode.swift; path = ViewController.swift; sourceTree = "<group>"; };
		A86B4AC5277DFA850046C6B0 /* Base */ = {isa = PBXFileReference; lastKnownFileType = file.storyboard; name = Base; path = Base.lproj/Main.storyboard; sourceTree = "<group>"; };
		A86B4AC7277DFA8A0046C6B0 /* Assets.xcassets */ = {isa = PBXFileReference; lastKnownFileType = folder.assetcatalog; path = Assets.xcassets; sourceTree = "<group>"; };
		A86B4ACA277DFA8A0046C6B0 /* Base */ = {isa = PBXFileReference; lastKnownFileType = file.storyboard; name = Base; path = Base.lproj/LaunchScreen.storyboard; sourceTree = "<group>"; };
		A86B4ACC277DFA8A0046C6B0 /* Info.plist */ = {isa = PBXFileReference; lastKnownFileType = text.plist.xml; path = Info.plist; sourceTree = "<group>"; };
		A86B4AD1277DFA8B0046C6B0 /* smartToolsTests.xctest */ = {isa = PBXFileReference; explicitFileType = wrapper.cfbundle; includeInIndex = 0; path = smartToolsTests.xctest; sourceTree = BUILT_PRODUCTS_DIR; };
		A86B4AD5277DFA8B0046C6B0 /* smartToolsTests.swift */ = {isa = PBXFileReference; lastKnownFileType = sourcecode.swift; path = smartToolsTests.swift; sourceTree = "<group>"; };
		A86B4ADB277DFA8B0046C6B0 /* smartToolsUITests.xctest */ = {isa = PBXFileReference; explicitFileType = wrapper.cfbundle; includeInIndex = 0; path = smartToolsUITests.xctest; sourceTree = BUILT_PRODUCTS_DIR; };
		A86B4ADF277DFA8B0046C6B0 /* smartToolsUITests.swift */ = {isa = PBXFileReference; lastKnownFileType = sourcecode.swift; path = smartToolsUITests.swift; sourceTree = "<group>"; };
		A86B4AE1277DFA8B0046C6B0 /* smartToolsUITestsLaunchTests.swift */ = {isa = PBXFileReference; lastKnownFileType = sourcecode.swift; path = smartToolsUITestsLaunchTests.swift; sourceTree = "<group>"; };
		A86B4AF2277E36810046C6B0 /* OnboardingViewController.swift */ = {isa = PBXFileReference; lastKnownFileType = sourcecode.swift; path = OnboardingViewController.swift; sourceTree = "<group>"; };
		A86B4AF5277E38FF0046C6B0 /* UIView+Extension.swift */ = {isa = PBXFileReference; lastKnownFileType = sourcecode.swift; path = "UIView+Extension.swift"; sourceTree = "<group>"; };
		A86B4AF7277E3A950046C6B0 /* OnboardingSlide.swift */ = {isa = PBXFileReference; lastKnownFileType = sourcecode.swift; path = OnboardingSlide.swift; sourceTree = "<group>"; };
		A86B4AF9277E3D960046C6B0 /* OnboardingCollectionViewCell.swift */ = {isa = PBXFileReference; lastKnownFileType = sourcecode.swift; path = OnboardingCollectionViewCell.swift; sourceTree = "<group>"; };
/* End PBXFileReference section */

/* Begin PBXFrameworksBuildPhase section */
		A86B4AB8277DFA850046C6B0 /* Frameworks */ = {
			isa = PBXFrameworksBuildPhase;
			buildActionMask = 2147483647;
			files = (
			);
			runOnlyForDeploymentPostprocessing = 0;
		};
		A86B4ACE277DFA8B0046C6B0 /* Frameworks */ = {
			isa = PBXFrameworksBuildPhase;
			buildActionMask = 2147483647;
			files = (
			);
			runOnlyForDeploymentPostprocessing = 0;
		};
		A86B4AD8277DFA8B0046C6B0 /* Frameworks */ = {
			isa = PBXFrameworksBuildPhase;
			buildActionMask = 2147483647;
			files = (
			);
			runOnlyForDeploymentPostprocessing = 0;
		};
/* End PBXFrameworksBuildPhase section */

/* Begin PBXGroup section */
		A86B4AB2277DFA850046C6B0 = {
			isa = PBXGroup;
			children = (
				A86B4ABD277DFA850046C6B0 /* smartTools */,
				A86B4AD4277DFA8B0046C6B0 /* smartToolsTests */,
				A86B4ADE277DFA8B0046C6B0 /* smartToolsUITests */,
				A86B4ABC277DFA850046C6B0 /* Products */,
			);
			sourceTree = "<group>";
		};
		A86B4ABC277DFA850046C6B0 /* Products */ = {
			isa = PBXGroup;
			children = (
				A86B4ABB277DFA850046C6B0 /* smartTools.app */,
				A86B4AD1277DFA8B0046C6B0 /* smartToolsTests.xctest */,
				A86B4ADB277DFA8B0046C6B0 /* smartToolsUITests.xctest */,
			);
			name = Products;
			sourceTree = "<group>";
		};
		A86B4ABD277DFA850046C6B0 /* smartTools */ = {
			isa = PBXGroup;
			children = (
				A86B4AEE277E340E0046C6B0 /* onboard */,
				A86B4ABE277DFA850046C6B0 /* AppDelegate.swift */,
				A86B4AC0277DFA850046C6B0 /* SceneDelegate.swift */,
				A86B4AC2277DFA850046C6B0 /* ViewController.swift */,
				A86B4AC4277DFA850046C6B0 /* Main.storyboard */,
				A86B4AC7277DFA8A0046C6B0 /* Assets.xcassets */,
				A86B4AC9277DFA8A0046C6B0 /* LaunchScreen.storyboard */,
				A86B4ACC277DFA8A0046C6B0 /* Info.plist */,
			);
			path = smartTools;
			sourceTree = "<group>";
		};
		A86B4AD4277DFA8B0046C6B0 /* smartToolsTests */ = {
			isa = PBXGroup;
			children = (
				A86B4AD5277DFA8B0046C6B0 /* smartToolsTests.swift */,
			);
			path = smartToolsTests;
			sourceTree = "<group>";
		};
		A86B4ADE277DFA8B0046C6B0 /* smartToolsUITests */ = {
			isa = PBXGroup;
			children = (
				A86B4ADF277DFA8B0046C6B0 /* smartToolsUITests.swift */,
				A86B4AE1277DFA8B0046C6B0 /* smartToolsUITestsLaunchTests.swift */,
			);
			path = smartToolsUITests;
			sourceTree = "<group>";
		};
		A86B4AEE277E340E0046C6B0 /* onboard */ = {
			isa = PBXGroup;
			children = (
				A86B4AF4277E38DE0046C6B0 /* extensions */,
				A86B4AF1277E36120046C6B0 /* CustomViews */,
				A86B4AF0277E342B0046C6B0 /* models */,
				A86B4AEF277E341F0046C6B0 /* views */,
			);
			path = onboard;
			sourceTree = "<group>";
		};
		A86B4AEF277E341F0046C6B0 /* views */ = {
			isa = PBXGroup;
			children = (
				A86B4AF2277E36810046C6B0 /* OnboardingViewController.swift */,
				A86B4AF9277E3D960046C6B0 /* OnboardingCollectionViewCell.swift */,
			);
			path = views;
			sourceTree = "<group>";
		};
		A86B4AF0277E342B0046C6B0 /* models */ = {
			isa = PBXGroup;
			children = (
				A86B4AF7277E3A950046C6B0 /* OnboardingSlide.swift */,
			);
			path = models;
			sourceTree = "<group>";
		};
		A86B4AF1277E36120046C6B0 /* CustomViews */ = {
			isa = PBXGroup;
			children = (
			);
			path = CustomViews;
			sourceTree = "<group>";
		};
		A86B4AF4277E38DE0046C6B0 /* extensions */ = {
			isa = PBXGroup;
			children = (
				A86B4AF5277E38FF0046C6B0 /* UIView+Extension.swift */,
			);
			path = extensions;
			sourceTree = "<group>";
		};
/* End PBXGroup section */

/* Begin PBXNativeTarget section */
		A86B4ABA277DFA850046C6B0 /* smartTools */ = {
			isa = PBXNativeTarget;
			buildConfigurationList = A86B4AE5277DFA8B0046C6B0 /* Build configuration list for PBXNativeTarget "smartTools" */;
			buildPhases = (
				A86B4AB7277DFA850046C6B0 /* Sources */,
				A86B4AB8277DFA850046C6B0 /* Frameworks */,
				A86B4AB9277DFA850046C6B0 /* Resources */,
			);
			buildRules = (
			);
			dependencies = (
			);
			name = smartTools;
			productName = smartTools;
			productReference = A86B4ABB277DFA850046C6B0 /* smartTools.app */;
			productType = "com.apple.product-type.application";
		};
		A86B4AD0277DFA8B0046C6B0 /* smartToolsTests */ = {
			isa = PBXNativeTarget;
			buildConfigurationList = A86B4AE8277DFA8B0046C6B0 /* Build configuration list for PBXNativeTarget "smartToolsTests" */;
			buildPhases = (
				A86B4ACD277DFA8B0046C6B0 /* Sources */,
				A86B4ACE277DFA8B0046C6B0 /* Frameworks */,
				A86B4ACF277DFA8B0046C6B0 /* Resources */,
			);
			buildRules = (
			);
			dependencies = (
				A86B4AD3277DFA8B0046C6B0 /* PBXTargetDependency */,
			);
			name = smartToolsTests;
			productName = smartToolsTests;
			productReference = A86B4AD1277DFA8B0046C6B0 /* smartToolsTests.xctest */;
			productType = "com.apple.product-type.bundle.unit-test";
		};
		A86B4ADA277DFA8B0046C6B0 /* smartToolsUITests */ = {
			isa = PBXNativeTarget;
			buildConfigurationList = A86B4AEB277DFA8B0046C6B0 /* Build configuration list for PBXNativeTarget "smartToolsUITests" */;
			buildPhases = (
				A86B4AD7277DFA8B0046C6B0 /* Sources */,
				A86B4AD8277DFA8B0046C6B0 /* Frameworks */,
				A86B4AD9277DFA8B0046C6B0 /* Resources */,
			);
			buildRules = (
			);
			dependencies = (
				A86B4ADD277DFA8B0046C6B0 /* PBXTargetDependency */,
			);
			name = smartToolsUITests;
			productName = smartToolsUITests;
			productReference = A86B4ADB277DFA8B0046C6B0 /* smartToolsUITests.xctest */;
			productType = "com.apple.product-type.bundle.ui-testing";
		};
/* End PBXNativeTarget section */

/* Begin PBXProject section */
		A86B4AB3277DFA850046C6B0 /* Project object */ = {
			isa = PBXProject;
			attributes = {
				BuildIndependentTargetsInParallel = 1;
				LastSwiftUpdateCheck = 1320;
				LastUpgradeCheck = 1320;
				TargetAttributes = {
					A86B4ABA277DFA850046C6B0 = {
						CreatedOnToolsVersion = 13.2.1;
					};
					A86B4AD0277DFA8B0046C6B0 = {
						CreatedOnToolsVersion = 13.2.1;
						TestTargetID = A86B4ABA277DFA850046C6B0;
					};
					A86B4ADA277DFA8B0046C6B0 = {
						CreatedOnToolsVersion = 13.2.1;
						TestTargetID = A86B4ABA277DFA850046C6B0;
					};
				};
			};
			buildConfigurationList = A86B4AB6277DFA850046C6B0 /* Build configuration list for PBXProject "smartTools" */;
			compatibilityVersion = "Xcode 13.0";
			developmentRegion = en;
			hasScannedForEncodings = 0;
			knownRegions = (
				en,
				Base,
			);
			mainGroup = A86B4AB2277DFA850046C6B0;
			productRefGroup = A86B4ABC277DFA850046C6B0 /* Products */;
			projectDirPath = "";
			projectRoot = "";
			targets = (
				A86B4ABA277DFA850046C6B0 /* smartTools */,
				A86B4AD0277DFA8B0046C6B0 /* smartToolsTests */,
				A86B4ADA277DFA8B0046C6B0 /* smartToolsUITests */,
			);
		};
/* End PBXProject section */

/* Begin PBXResourcesBuildPhase section */
		A86B4AB9277DFA850046C6B0 /* Resources */ = {
			isa = PBXResourcesBuildPhase;
			buildActionMask = 2147483647;
			files = (
				A86B4ACB277DFA8A0046C6B0 /* LaunchScreen.storyboard in Resources */,
				A86B4AC8277DFA8A0046C6B0 /* Assets.xcassets in Resources */,
				A86B4AC6277DFA850046C6B0 /* Main.storyboard in Resources */,
			);
			runOnlyForDeploymentPostprocessing = 0;
		};
		A86B4ACF277DFA8B0046C6B0 /* Resources */ = {
			isa = PBXResourcesBuildPhase;
			buildActionMask = 2147483647;
			files = (
			);
			runOnlyForDeploymentPostprocessing = 0;
		};
		A86B4AD9277DFA8B0046C6B0 /* Resources */ = {
			isa = PBXResourcesBuildPhase;
			buildActionMask = 2147483647;
			files = (
			);
			runOnlyForDeploymentPostprocessing = 0;
		};
/* End PBXResourcesBuildPhase section */

/* Begin PBXSourcesBuildPhase section */
		A86B4AB7277DFA850046C6B0 /* Sources */ = {
			isa = PBXSourcesBuildPhase;
			buildActionMask = 2147483647;
			files = (
				A86B4AC3277DFA850046C6B0 /* ViewController.swift in Sources */,
				A86B4ABF277DFA850046C6B0 /* AppDelegate.swift in Sources */,
				A86B4AC1277DFA850046C6B0 /* SceneDelegate.swift in Sources */,
				A86B4AF6277E38FF0046C6B0 /* UIView+Extension.swift in Sources */,
				A86B4AF8277E3A950046C6B0 /* OnboardingSlide.swift in Sources */,
				A86B4AFA277E3D960046C6B0 /* OnboardingCollectionViewCell.swift in Sources */,
				A86B4AF3277E36810046C6B0 /* OnboardingViewController.swift in Sources */,
			);
			runOnlyForDeploymentPostprocessing = 0;
		};
		A86B4ACD277DFA8B0046C6B0 /* Sources */ = {
			isa = PBXSourcesBuildPhase;
			buildActionMask = 2147483647;
			files = (
				A86B4AD6277DFA8B0046C6B0 /* smartToolsTests.swift in Sources */,
			);
			runOnlyForDeploymentPostprocessing = 0;
		};
		A86B4AD7277DFA8B0046C6B0 /* Sources */ = {
			isa = PBXSourcesBuildPhase;
			buildActionMask = 2147483647;
			files = (
				A86B4AE2277DFA8B0046C6B0 /* smartToolsUITestsLaunchTests.swift in Sources */,
				A86B4AE0277DFA8B0046C6B0 /* smartToolsUITests.swift in Sources */,
			);
			runOnlyForDeploymentPostprocessing = 0;
		};
/* End PBXSourcesBuildPhase section */

/* Begin PBXTargetDependency section */
		A86B4AD3277DFA8B0046C6B0 /* PBXTargetDependency */ = {
			isa = PBXTargetDependency;
			target = A86B4ABA277DFA850046C6B0 /* smartTools */;
			targetProxy = A86B4AD2277DFA8B0046C6B0 /* PBXContainerItemProxy */;
		};
		A86B4ADD277DFA8B0046C6B0 /* PBXTargetDependency */ = {
			isa = PBXTargetDependency;
			target = A86B4ABA277DFA850046C6B0 /* smartTools */;
			targetProxy = A86B4ADC277DFA8B0046C6B0 /* PBXContainerItemProxy */;
		};
/* End PBXTargetDependency section */

/* Begin PBXVariantGroup section */
		A86B4AC4277DFA850046C6B0 /* Main.storyboard */ = {
			isa = PBXVariantGroup;
			children = (
				A86B4AC5277DFA850046C6B0 /* Base */,
			);
			name = Main.storyboard;
			sourceTree = "<group>";
		};
		A86B4AC9277DFA8A0046C6B0 /* LaunchScreen.storyboard */ = {
			isa = PBXVariantGroup;
			children = (
				A86B4ACA277DFA8A0046C6B0 /* Base */,
			);
			name = LaunchScreen.storyboard;
			sourceTree = "<group>";
		};
/* End PBXVariantGroup section */

/* Begin XCBuildConfiguration section */
		A86B4AE3277DFA8B0046C6B0 /* Debug */ = {
			isa = XCBuildConfiguration;
			buildSettings = {
				ALWAYS_SEARCH_USER_PATHS = NO;
				CLANG_ANALYZER_NONNULL = YES;
				CLANG_ANALYZER_NUMBER_OBJECT_CONVERSION = YES_AGGRESSIVE;
				CLANG_CXX_LANGUAGE_STANDARD = "gnu++17";
				CLANG_CXX_LIBRARY = "libc++";
				CLANG_ENABLE_MODULES = YES;
				CLANG_ENABLE_OBJC_ARC = YES;
				CLANG_ENABLE_OBJC_WEAK = YES;
				CLANG_WARN_BLOCK_CAPTURE_AUTORELEASING = YES;
				CLANG_WARN_BOOL_CONVERSION = YES;
				CLANG_WARN_COMMA = YES;
				CLANG_WARN_CONSTANT_CONVERSION = YES;
				CLANG_WARN_DEPRECATED_OBJC_IMPLEMENTATIONS = YES;
				CLANG_WARN_DIRECT_OBJC_ISA_USAGE = YES_ERROR;
				CLANG_WARN_DOCUMENTATION_COMMENTS = YES;
				CLANG_WARN_EMPTY_BODY = YES;
				CLANG_WARN_ENUM_CONVERSION = YES;
				CLANG_WARN_INFINITE_RECURSION = YES;
				CLANG_WARN_INT_CONVERSION = YES;
				CLANG_WARN_NON_LITERAL_NULL_CONVERSION = YES;
				CLANG_WARN_OBJC_IMPLICIT_RETAIN_SELF = YES;
				CLANG_WARN_OBJC_LITERAL_CONVERSION = YES;
				CLANG_WARN_OBJC_ROOT_CLASS = YES_ERROR;
				CLANG_WARN_QUOTED_INCLUDE_IN_FRAMEWORK_HEADER = YES;
				CLANG_WARN_RANGE_LOOP_ANALYSIS = YES;
				CLANG_WARN_STRICT_PROTOTYPES = YES;
				CLANG_WARN_SUSPICIOUS_MOVE = YES;
				CLANG_WARN_UNGUARDED_AVAILABILITY = YES_AGGRESSIVE;
				CLANG_WARN_UNREACHABLE_CODE = YES;
				CLANG_WARN__DUPLICATE_METHOD_MATCH = YES;
				COPY_PHASE_STRIP = NO;
				DEBUG_INFORMATION_FORMAT = dwarf;
				ENABLE_STRICT_OBJC_MSGSEND = YES;
				ENABLE_TESTABILITY = YES;
				GCC_C_LANGUAGE_STANDARD = gnu11;
				GCC_DYNAMIC_NO_PIC = NO;
				GCC_NO_COMMON_BLOCKS = YES;
				GCC_OPTIMIZATION_LEVEL = 0;
				GCC_PREPROCESSOR_DEFINITIONS = (
					"DEBUG=1",
					"$(inherited)",
				);
				GCC_WARN_64_TO_32_BIT_CONVERSION = YES;
				GCC_WARN_ABOUT_RETURN_TYPE = YES_ERROR;
				GCC_WARN_UNDECLARED_SELECTOR = YES;
				GCC_WARN_UNINITIALIZED_AUTOS = YES_AGGRESSIVE;
				GCC_WARN_UNUSED_FUNCTION = YES;
				GCC_WARN_UNUSED_VARIABLE = YES;
				IPHONEOS_DEPLOYMENT_TARGET = 15.2;
				MTL_ENABLE_DEBUG_INFO = INCLUDE_SOURCE;
				MTL_FAST_MATH = YES;
				ONLY_ACTIVE_ARCH = YES;
				SDKROOT = iphoneos;
				SWIFT_ACTIVE_COMPILATION_CONDITIONS = DEBUG;
				SWIFT_OPTIMIZATION_LEVEL = "-Onone";
			};
			name = Debug;
		};
		A86B4AE4277DFA8B0046C6B0 /* Release */ = {
			isa = XCBuildConfiguration;
			buildSettings = {
				ALWAYS_SEARCH_USER_PATHS = NO;
				CLANG_ANALYZER_NONNULL = YES;
				CLANG_ANALYZER_NUMBER_OBJECT_CONVERSION = YES_AGGRESSIVE;
				CLANG_CXX_LANGUAGE_STANDARD = "gnu++17";
				CLANG_CXX_LIBRARY = "libc++";
				CLANG_ENABLE_MODULES = YES;
				CLANG_ENABLE_OBJC_ARC = YES;
				CLANG_ENABLE_OBJC_WEAK = YES;
				CLANG_WARN_BLOCK_CAPTURE_AUTORELEASING = YES;
				CLANG_WARN_BOOL_CONVERSION = YES;
				CLANG_WARN_COMMA = YES;
				CLANG_WARN_CONSTANT_CONVERSION = YES;
				CLANG_WARN_DEPRECATED_OBJC_IMPLEMENTATIONS = YES;
				CLANG_WARN_DIRECT_OBJC_ISA_USAGE = YES_ERROR;
				CLANG_WARN_DOCUMENTATION_COMMENTS = YES;
				CLANG_WARN_EMPTY_BODY = YES;
				CLANG_WARN_ENUM_CONVERSION = YES;
				CLANG_WARN_INFINITE_RECURSION = YES;
				CLANG_WARN_INT_CONVERSION = YES;
				CLANG_WARN_NON_LITERAL_NULL_CONVERSION = YES;
				CLANG_WARN_OBJC_IMPLICIT_RETAIN_SELF = YES;
				CLANG_WARN_OBJC_LITERAL_CONVERSION = YES;
				CLANG_WARN_OBJC_ROOT_CLASS = YES_ERROR;
				CLANG_WARN_QUOTED_INCLUDE_IN_FRAMEWORK_HEADER = YES;
				CLANG_WARN_RANGE_LOOP_ANALYSIS = YES;
				CLANG_WARN_STRICT_PROTOTYPES = YES;
				CLANG_WARN_SUSPICIOUS_MOVE = YES;
				CLANG_WARN_UNGUARDED_AVAILABILITY = YES_AGGRESSIVE;
				CLANG_WARN_UNREACHABLE_CODE = YES;
				CLANG_WARN__DUPLICATE_METHOD_MATCH = YES;
				COPY_PHASE_STRIP = NO;
				DEBUG_INFORMATION_FORMAT = "dwarf-with-dsym";
				ENABLE_NS_ASSERTIONS = NO;
				ENABLE_STRICT_OBJC_MSGSEND = YES;
				GCC_C_LANGUAGE_STANDARD = gnu11;
				GCC_NO_COMMON_BLOCKS = YES;
				GCC_WARN_64_TO_32_BIT_CONVERSION = YES;
				GCC_WARN_ABOUT_RETURN_TYPE = YES_ERROR;
				GCC_WARN_UNDECLARED_SELECTOR = YES;
				GCC_WARN_UNINITIALIZED_AUTOS = YES_AGGRESSIVE;
				GCC_WARN_UNUSED_FUNCTION = YES;
				GCC_WARN_UNUSED_VARIABLE = YES;
				IPHONEOS_DEPLOYMENT_TARGET = 15.2;
				MTL_ENABLE_DEBUG_INFO = NO;
				MTL_FAST_MATH = YES;
				SDKROOT = iphoneos;
				SWIFT_COMPILATION_MODE = wholemodule;
				SWIFT_OPTIMIZATION_LEVEL = "-O";
				VALIDATE_PRODUCT = YES;
			};
			name = Release;
		};
		A86B4AE6277DFA8B0046C6B0 /* Debug */ = {
			isa = XCBuildConfiguration;
			buildSettings = {
				ASSETCATALOG_COMPILER_APPICON_NAME = AppIcon;
				ASSETCATALOG_COMPILER_GLOBAL_ACCENT_COLOR_NAME = AccentColor;
				CODE_SIGN_STYLE = Automatic;
				CURRENT_PROJECT_VERSION = 1;
				GENERATE_INFOPLIST_FILE = YES;
				INFOPLIST_FILE = smartTools/Info.plist;
				INFOPLIST_KEY_UIApplicationSupportsIndirectInputEvents = YES;
				INFOPLIST_KEY_UILaunchStoryboardName = LaunchScreen;
				INFOPLIST_KEY_UIMainStoryboardFile = Main;
				INFOPLIST_KEY_UISupportedInterfaceOrientations_iPad = "UIInterfaceOrientationPortrait UIInterfaceOrientationPortraitUpsideDown UIInterfaceOrientationLandscapeLeft UIInterfaceOrientationLandscapeRight";
				INFOPLIST_KEY_UISupportedInterfaceOrientations_iPhone = "UIInterfaceOrientationPortrait UIInterfaceOrientationLandscapeLeft UIInterfaceOrientationLandscapeRight";
				LD_RUNPATH_SEARCH_PATHS = (
					"$(inherited)",
					"@executable_path/Frameworks",
				);
				MARKETING_VERSION = 1.0;
				PRODUCT_BUNDLE_IDENTIFIER = com.nick.smartTools;
				PRODUCT_NAME = "$(TARGET_NAME)";
				SWIFT_EMIT_LOC_STRINGS = YES;
				SWIFT_VERSION = 5.0;
				TARGETED_DEVICE_FAMILY = "1,2";
			};
			name = Debug;
		};
		A86B4AE7277DFA8B0046C6B0 /* Release */ = {
			isa = XCBuildConfiguration;
			buildSettings = {
				ASSETCATALOG_COMPILER_APPICON_NAME = AppIcon;
				ASSETCATALOG_COMPILER_GLOBAL_ACCENT_COLOR_NAME = AccentColor;
				CODE_SIGN_STYLE = Automatic;
				CURRENT_PROJECT_VERSION = 1;
				GENERATE_INFOPLIST_FILE = YES;
				INFOPLIST_FILE = smartTools/Info.plist;
				INFOPLIST_KEY_UIApplicationSupportsIndirectInputEvents = YES;
				INFOPLIST_KEY_UILaunchStoryboardName = LaunchScreen;
				INFOPLIST_KEY_UIMainStoryboardFile = Main;
				INFOPLIST_KEY_UISupportedInterfaceOrientations_iPad = "UIInterfaceOrientationPortrait UIInterfaceOrientationPortraitUpsideDown UIInterfaceOrientationLandscapeLeft UIInterfaceOrientationLandscapeRight";
				INFOPLIST_KEY_UISupportedInterfaceOrientations_iPhone = "UIInterfaceOrientationPortrait UIInterfaceOrientationLandscapeLeft UIInterfaceOrientationLandscapeRight";
				LD_RUNPATH_SEARCH_PATHS = (
					"$(inherited)",
					"@executable_path/Frameworks",
				);
				MARKETING_VERSION = 1.0;
				PRODUCT_BUNDLE_IDENTIFIER = com.nick.smartTools;
				PRODUCT_NAME = "$(TARGET_NAME)";
				SWIFT_EMIT_LOC_STRINGS = YES;
				SWIFT_VERSION = 5.0;
				TARGETED_DEVICE_FAMILY = "1,2";
			};
			name = Release;
		};
		A86B4AE9277DFA8B0046C6B0 /* Debug */ = {
			isa = XCBuildConfiguration;
			buildSettings = {
				ALWAYS_EMBED_SWIFT_STANDARD_LIBRARIES = YES;
				BUNDLE_LOADER = "$(TEST_HOST)";
				CODE_SIGN_STYLE = Automatic;
				CURRENT_PROJECT_VERSION = 1;
				GENERATE_INFOPLIST_FILE = YES;
				IPHONEOS_DEPLOYMENT_TARGET = 15.2;
				MARKETING_VERSION = 1.0;
				PRODUCT_BUNDLE_IDENTIFIER = com.nick.smartToolsTests;
				PRODUCT_NAME = "$(TARGET_NAME)";
				SWIFT_EMIT_LOC_STRINGS = NO;
				SWIFT_VERSION = 5.0;
				TARGETED_DEVICE_FAMILY = "1,2";
				TEST_HOST = "$(BUILT_PRODUCTS_DIR)/smartTools.app/smartTools";
			};
			name = Debug;
		};
		A86B4AEA277DFA8B0046C6B0 /* Release */ = {
			isa = XCBuildConfiguration;
			buildSettings = {
				ALWAYS_EMBED_SWIFT_STANDARD_LIBRARIES = YES;
				BUNDLE_LOADER = "$(TEST_HOST)";
				CODE_SIGN_STYLE = Automatic;
				CURRENT_PROJECT_VERSION = 1;
				GENERATE_INFOPLIST_FILE = YES;
				IPHONEOS_DEPLOYMENT_TARGET = 15.2;
				MARKETING_VERSION = 1.0;
				PRODUCT_BUNDLE_IDENTIFIER = com.nick.smartToolsTests;
				PRODUCT_NAME = "$(TARGET_NAME)";
				SWIFT_EMIT_LOC_STRINGS = NO;
				SWIFT_VERSION = 5.0;
				TARGETED_DEVICE_FAMILY = "1,2";
				TEST_HOST = "$(BUILT_PRODUCTS_DIR)/smartTools.app/smartTools";
			};
			name = Release;
		};
		A86B4AEC277DFA8B0046C6B0 /* Debug */ = {
			isa = XCBuildConfiguration;
			buildSettings = {
				ALWAYS_EMBED_SWIFT_STANDARD_LIBRARIES = YES;
				CODE_SIGN_STYLE = Automatic;
				CURRENT_PROJECT_VERSION = 1;
				GENERATE_INFOPLIST_FILE = YES;
				MARKETING_VERSION = 1.0;
				PRODUCT_BUNDLE_IDENTIFIER = com.nick.smartToolsUITests;
				PRODUCT_NAME = "$(TARGET_NAME)";
				SWIFT_EMIT_LOC_STRINGS = NO;
				SWIFT_VERSION = 5.0;
				TARGETED_DEVICE_FAMILY = "1,2";
				TEST_TARGET_NAME = smartTools;
			};
			name = Debug;
		};
		A86B4AED277DFA8B0046C6B0 /* Release */ = {
			isa = XCBuildConfiguration;
			buildSettings = {
				ALWAYS_EMBED_SWIFT_STANDARD_LIBRARIES = YES;
				CODE_SIGN_STYLE = Automatic;
				CURRENT_PROJECT_VERSION = 1;
				GENERATE_INFOPLIST_FILE = YES;
				MARKETING_VERSION = 1.0;
				PRODUCT_BUNDLE_IDENTIFIER = com.nick.smartToolsUITests;
				PRODUCT_NAME = "$(TARGET_NAME)";
				SWIFT_EMIT_LOC_STRINGS = NO;
				SWIFT_VERSION = 5.0;
				TARGETED_DEVICE_FAMILY = "1,2";
				TEST_TARGET_NAME = smartTools;
			};
			name = Release;
		};
/* End XCBuildConfiguration section */

/* Begin XCConfigurationList section */
		A86B4AB6277DFA850046C6B0 /* Build configuration list for PBXProject "smartTools" */ = {
			isa = XCConfigurationList;
			buildConfigurations = (
				A86B4AE3277DFA8B0046C6B0 /* Debug */,
				A86B4AE4277DFA8B0046C6B0 /* Release */,
			);
			defaultConfigurationIsVisible = 0;
			defaultConfigurationName = Release;
		};
		A86B4AE5277DFA8B0046C6B0 /* Build configuration list for PBXNativeTarget "smartTools" */ = {
			isa = XCConfigurationList;
			buildConfigurations = (
				A86B4AE6277DFA8B0046C6B0 /* Debug */,
				A86B4AE7277DFA8B0046C6B0 /* Release */,
			);
			defaultConfigurationIsVisible = 0;
			defaultConfigurationName = Release;
		};
		A86B4AE8277DFA8B0046C6B0 /* Build configuration list for PBXNativeTarget "smartToolsTests" */ = {
			isa = XCConfigurationList;
			buildConfigurations = (
				A86B4AE9277DFA8B0046C6B0 /* Debug */,
				A86B4AEA277DFA8B0046C6B0 /* Release */,
			);
			defaultConfigurationIsVisible = 0;
			defaultConfigurationName = Release;
		};
		A86B4AEB277DFA8B0046C6B0 /* Build configuration list for PBXNativeTarget "smartToolsUITests" */ = {
			isa = XCConfigurationList;
			buildConfigurations = (
				A86B4AEC277DFA8B0046C6B0 /* Debug */,
				A86B4AED277DFA8B0046C6B0 /* Release */,
			);
			defaultConfigurationIsVisible = 0;
			defaultConfigurationName = Release;
		};
/* End XCConfigurationList section */
	};
	rootObject = A86B4AB3277DFA850046C6B0 /* Project object */;
}
